
Microsoft Visual Studio Solution File, Format Version 12.00
# Visual Studio Version 16
VisualStudioVersion = 16.0.31321.278
MinimumVisualStudioVersion = 10.0.40219.1
Project("{FAE04EC0-301F-11D3-BF4B-00C04F79EFBC}") = "ValoExplorer", "ValoExplorer\ValoExplorer.csproj", "{33824F23-A965-41FF-805F-CC66BECAD49F}"
EndProject
Global
	GlobalSection(SolutionConfigurationPlatforms) = preSolution
		Debug|Any CPU = Debug|Any CPU
		Release|Any CPU = Release|Any CPU
	EndGlobalSection
	GlobalSection(ProjectConfigurationPlatforms) = postSolution
		{33824F23-A965-41FF-805F-CC66BECAD49F}.Debug|Any CPU.ActiveCfg = Debug|Any CPU
		{33824F23-A965-41FF-805F-CC66BECAD49F}.Debug|Any CPU.Build.0 = Debug|Any CPU
		{33824F23-A965-41FF-805F-CC66BECAD49F}.Release|Any CPU.ActiveCfg = Release|Any CPU
		{33824F23-A965-41FF-805F-CC66BECAD49F}.Release|Any CPU.Build.0 = Release|Any CPU
	EndGlobalSection
	GlobalSection(SolutionProperties) = preSolution
		HideSolutionNode = FALSE
	EndGlobalSection
	GlobalSection(ExtensibilityGlobals) = postSolution
		SolutionGuid = {0839048E-5D1E-4C76-A3DB-62952DC121EE}
	EndGlobalSection
EndGlobal
